{
    "_readme": [
        "This file locks the dependencies of your project to a known state",
        "Read more about it at https://getcomposer.org/doc/01-basic-usage.md#composer-lock-the-lock-file",
        "This file is @generated automatically"
    ],
    "content-hash": "0dd5c6ee0f431bb1a552196516a57505",
    "packages": [
        {
            "name": "shippo/shippo-php",
            "version": "v1.2.0",
            "source": {
                "type": "git",
                "url": "https://github.com/goshippo/shippo-php-client.git",
                "reference": "4fc5f4d399aad374f30dea36e8c8bf1b3f8eb529"
            },
            "dist": {
                "type": "zip",
                "url": "https://api.github.com/repos/goshippo/shippo-php-client/zipball/4fc5f4d399aad374f30dea36e8c8bf1b3f8eb529",
                "reference": "4fc5f4d399aad374f30dea36e8c8bf1b3f8eb529",
                "shasum": ""
            },
            "require": {
                "ext-curl": "*",
                "ext-json": "*",
                "ext-mbstring": "*",
                "php": ">=5.2"
            },
            "require-dev": {
                "phpunit/phpunit": "5.5.*"
            },
            "type": "library",
            "autoload": {
                "classmap": [
                    "lib/Shippo/"
                ]
            },
            "notification-url": "https://packagist.org/downloads/",
            "license": [
                "MIT"
            ],
            "authors": [
                {
                    "name": "Shippo & Contributors",
                    "homepage": "https://goshippo.com/"
                }
            ],
            "description": "A PHP library for connecting with multiple carriers (FedEx, UPS, USPS) using Shippo.",
            "homepage": "https://goshippo.com/",
            "keywords": [
                "FedEx",
                "Uber",
                "address",
                "dhl",
                "shipping",
                "shyp",
                "tracking",
                "ups",
                "usps"
            ],
            "time": "2017-01-19T21:49:28+00:00"
        }
    ],
    "packages-dev": [],
    "aliases": [],
    "minimum-stability": "stable",
    "stability-flags": [],
    "prefer-stable": false,
    "prefer-lowest": false,
    "platform": [],
    "platform-dev": []
}
